<?xml version="1.0" encoding="utf-8"?>
<Project ToolsVersion="4.0" xmlns="http://schemas.microsoft.com/developer/msbuild/2003">
  <ItemGroup>
    <Filter Include="OpenSSL Implementation">
      <UniqueIdentifier>{21272e58-bed5-4886-93db-42b7c063f0a2}</UniqueIdentifier>
    </Filter>
    <Filter Include="Socket Layer">
      <UniqueIdentifier>{6799e56a-28f2-49ec-832d-39f0f615a3a9}</UniqueIdentifier>
    </Filter>
    <Filter Include="SocketAdaptor">
      <UniqueIdentifier>{f71dd80c-7bbb-4264-9f09-d2f93c44b021}</UniqueIdentifier>
    </Filter>
    <Filter Include="SSL SubSystem">
      <UniqueIdentifier>{ae76dc8c-0467-424f-a9d4-e537fb2eb0ef}</UniqueIdentifier>
    </Filter>
  </ItemGroup>
  <ItemGroup>
    <ClInclude Include="OpenSSL\OpenSSLConnection.h">
      <Filter>OpenSSL Implementation</Filter>
    </ClInclude>
    <ClInclude Include="OpenSSL\OpenSSLObject.h">
      <Filter>OpenSSL Implementation</Filter>
    </ClInclude>
    <ClInclude Include="libSSL.h" />
    <ClInclude Include="ipv4SocketLayer.h">
      <Filter>Socket Layer</Filter>
    </ClInclude>
    <ClInclude Include="iSocketLayer.h">
      <Filter>Socket Layer</Filter>
    </ClInclude>
    <ClInclude Include="iSocket.h">
      <Filter>Socket Layer</Filter>
    </ClInclude>
    <ClInclude Include="socketLayerIncs.h">
      <Filter>Socket Layer</Filter>
    </ClInclude>
    <ClInclude Include="iSocketFactory.h">
      <Filter>Socket Layer</Filter>
    </ClInclude>
    <ClInclude Include="IPV4SocketFactory.h">
      <Filter>Socket Layer</Filter>
    </ClInclude>
    <ClInclude Include="IPV4Socket.h">
      <Filter>Socket Layer</Filter>
    </ClInclude>
    <ClInclude Include="iSocketAdaptor.h">
      <Filter>SocketAdaptor</Filter>
    </ClInclude>
    <ClInclude Include="WinSocketAdaptor.h">
      <Filter>SocketAdaptor</Filter>
    </ClInclude>
    <ClInclude Include="IPV4SocketLayerFactory.h">
      <Filter>Socket Layer</Filter>
    </ClInclude>
    <ClInclude Include="SocketLayerDefinitions.h">
      <Filter>Socket Layer</Filter>
    </ClInclude>
    <ClInclude Include="iSSLObject.h">
      <Filter>SSL SubSystem</Filter>
    </ClInclude>
    <ClInclude Include="iSSLContext.h">
      <Filter>SSL SubSystem</Filter>
    </ClInclude>
    <ClInclude Include="OpenSSL\OpenSSLContext.h">
      <Filter>OpenSSL Implementation</Filter>
    </ClInclude>
    <ClInclude Include="iSSLConnection.h">
      <Filter>SSL SubSystem</Filter>
    </ClInclude>
    <ClInclude Include="SocketAdaptorFactory.h">
      <Filter>SocketAdaptor</Filter>
    </ClInclude>
  </ItemGroup>
  <ItemGroup>
    <ClCompile Include="OpenSSL\OpenSSLConnection.cpp">
      <Filter>OpenSSL Implementation</Filter>
    </ClCompile>
    <ClCompile Include="OpenSSL\OpenSSLObject.cpp">
      <Filter>OpenSSL Implementation</Filter>
    </ClCompile>
    <ClCompile Include="ipv4SocketLayer.cpp">
      <Filter>Socket Layer</Filter>
    </ClCompile>
    <ClCompile Include="IPV4SocketFactory.cpp">
      <Filter>Socket Layer</Filter>
    </ClCompile>
    <ClCompile Include="IPV4Socket.cpp">
      <Filter>Socket Layer</Filter>
    </ClCompile>
    <ClCompile Include="WinSocketAdaptor.cpp">
      <Filter>SocketAdaptor</Filter>
    </ClCompile>
    <ClCompile Include="IPV4SocketLayerFactory.cpp">
      <Filter>Socket Layer</Filter>
    </ClCompile>
    <ClCompile Include="OpenSSL\OpenSSLContext.cpp">
      <Filter>OpenSSL Implementation</Filter>
    </ClCompile>
    <ClCompile Include="SocketAdaptorFactory.cpp">
      <Filter>SocketAdaptor</Filter>
    </ClCompile>
    <ClCompile Include="libSSL.cpp" />
  </ItemGroup>
  <ItemGroup>
    <Text Include="Changelog.txt" />
    <Text Include="building.txt" />
  </ItemGroup>
</Project>